
Microsoft Visual Studio Solution File, Format Version 12.00
# Visual Studio Version 17
VisualStudioVersion = 17.3.32825.248
MinimumVisualStudioVersion = 10.0.40219.1
Project("{FAE04EC0-301F-11D3-BF4B-00C04F79EFBC}") = "FullStack.API", "FullStack.API\FullStack.API.csproj", "{BEDF8F91-4857-4F7E-B87B-5303177329D5}"
EndProject
Global
	GlobalSection(SolutionConfigurationPlatforms) = preSolution
		Debug|Any CPU = Debug|Any CPU
		Release|Any CPU = Release|Any CPU
	EndGlobalSection
	GlobalSection(ProjectConfigurationPlatforms) = postSolution
		{BEDF8F91-4857-4F7E-B87B-5303177329D5}.Debug|Any CPU.ActiveCfg = Debug|Any CPU
		{BEDF8F91-4857-4F7E-B87B-5303177329D5}.Debug|Any CPU.Build.0 = Debug|Any CPU
		{BEDF8F91-4857-4F7E-B87B-5303177329D5}.Release|Any CPU.ActiveCfg = Release|Any CPU
		{BEDF8F91-4857-4F7E-B87B-5303177329D5}.Release|Any CPU.Build.0 = Release|Any CPU
	EndGlobalSection
	GlobalSection(SolutionProperties) = preSolution
		HideSolutionNode = FALSE
	EndGlobalSection
	GlobalSection(ExtensibilityGlobals) = postSolution
		SolutionGuid = {C0A1F236-6839-464F-A344-FC2C8B181ECC}
	EndGlobalSection
EndGlobal
